
Microsoft Visual Studio Solution File, Format Version 12.00
# Visual Studio 2012
Project("{FAE04EC0-301F-11D3-BF4B-00C04F79EFBC}") = "PiHueSphinx", "PiHueSphinx\PiHueSphinx.csproj", "{9B5DAE97-A209-49D7-9E36-DDAE39E71F35}"
EndProject
Global
	GlobalSection(SolutionConfigurationPlatforms) = preSolution
		Debug|x86 = Debug|x86
		Release|x86 = Release|x86
		CI|Any CPU = CI|Any CPU
	EndGlobalSection
	GlobalSection(ProjectConfigurationPlatforms) = postSolution
		{9B5DAE97-A209-49D7-9E36-DDAE39E71F35}.Debug|x86.ActiveCfg = Debug|x86
		{9B5DAE97-A209-49D7-9E36-DDAE39E71F35}.Debug|x86.Build.0 = Debug|x86
		{9B5DAE97-A209-49D7-9E36-DDAE39E71F35}.Release|x86.ActiveCfg = Release|x86
		{9B5DAE97-A209-49D7-9E36-DDAE39E71F35}.Release|x86.Build.0 = Release|x86
		{9B5DAE97-A209-49D7-9E36-DDAE39E71F35}.CI|Any CPU.ActiveCfg = Debug|x86
		{9B5DAE97-A209-49D7-9E36-DDAE39E71F35}.CI|Any CPU.Build.0 = Debug|x86
	EndGlobalSection
EndGlobal
